
Microsoft Visual Studio Solution File, Format Version 12.00
# Visual Studio 2015
Project("{FAE04EC0-301F-11D3-BF4B-00C04F79EFBC}") = "Jelly Jump.CSharp", "Jelly Jump.CSharp.csproj", "{10D42581-1738-B333-E12D-9C400A966125}"
EndProject
Global
	GlobalSection(SolutionConfigurationPlatforms) = preSolution
		Debug|Any CPU = Debug|Any CPU
		Release|Any CPU = Release|Any CPU
	EndGlobalSection
	GlobalSection(ProjectConfigurationPlatforms) = postSolution
		{10D42581-1738-B333-E12D-9C400A966125}.Debug|Any CPU.ActiveCfg = Debug|Any CPU
		{10D42581-1738-B333-E12D-9C400A966125}.Debug|Any CPU.Build.0 = Debug|Any CPU
		{10D42581-1738-B333-E12D-9C400A966125}.Release|Any CPU.ActiveCfg = Release|Any CPU
		{10D42581-1738-B333-E12D-9C400A966125}.Release|Any CPU.Build.0 = Release|Any CPU
	EndGlobalSection
	GlobalSection(SolutionProperties) = preSolution
		HideSolutionNode = FALSE
	EndGlobalSection
EndGlobal
